# THIS IS AN AUTOGENERATED FILE. DO NOT EDIT THIS FILE DIRECTLY.
# yarn lockfile v1


daisyui@^5.0.40:
  version "5.0.40"
  resolved "https://registry.yarnpkg.com/daisyui/-/daisyui-5.0.40.tgz#4dd32cb1ab9df5349261fc2f092684e09ad08ade"
  integrity sha512-5GpRcRsArYjkeIhUrlMMIGGZzbuPCpCkEMokiO3PtkVr1/IFZezJO6lLR+lLxxMGm46EwRG/fSJw4VLeNMBZnw==
